
Microsoft Visual Studio Solution File, Format Version 12.00
# Visual Studio Version 17
VisualStudioVersion = 17.14.36518.9 d17.14
MinimumVisualStudioVersion = 10.0.40219.1
Project("{FAE04EC0-301F-11D3-BF4B-00C04F79EFBC}") = "ConsoleApp2", "ConsoleApp2\ConsoleApp2.csproj", "{4797D1E9-FF71-4E1C-909B-85C52F5CFA92}"
EndProject
Global
	GlobalSection(SolutionConfigurationPlatforms) = preSolution
		Debug|Any CPU = Debug|Any CPU
		Release|Any CPU = Release|Any CPU
	EndGlobalSection
	GlobalSection(ProjectConfigurationPlatforms) = postSolution
		{4797D1E9-FF71-4E1C-909B-85C52F5CFA92}.Debug|Any CPU.ActiveCfg = Debug|Any CPU
		{4797D1E9-FF71-4E1C-909B-85C52F5CFA92}.Debug|Any CPU.Build.0 = Debug|Any CPU
		{4797D1E9-FF71-4E1C-909B-85C52F5CFA92}.Release|Any CPU.ActiveCfg = Release|Any CPU
		{4797D1E9-FF71-4E1C-909B-85C52F5CFA92}.Release|Any CPU.Build.0 = Release|Any CPU
	EndGlobalSection
	GlobalSection(SolutionProperties) = preSolution
		HideSolutionNode = FALSE
	EndGlobalSection
	GlobalSection(ExtensibilityGlobals) = postSolution
		SolutionGuid = {452028D7-1AA5-4AB7-A0AB-93EAD5B2172C}
	EndGlobalSection
EndGlobal
